
Microsoft Visual Studio Solution File, Format Version 12.00
# Visual Studio Version 16
VisualStudioVersion = 16.0.32929.386
MinimumVisualStudioVersion = 10.0.40219.1
Project("{FAE04EC0-301F-11D3-BF4B-00C04F79EFBC}") = "CodingChallenges", "CodingChallenges\CodingChallenges.csproj", "{C4ECB7B3-9445-4128-9E66-73C7747D1B28}"
EndProject
Global
	GlobalSection(SolutionConfigurationPlatforms) = preSolution
		Debug|Any CPU = Debug|Any CPU
		Release|Any CPU = Release|Any CPU
	EndGlobalSection
	GlobalSection(ProjectConfigurationPlatforms) = postSolution
		{C4ECB7B3-9445-4128-9E66-73C7747D1B28}.Debug|Any CPU.ActiveCfg = Debug|Any CPU
		{C4ECB7B3-9445-4128-9E66-73C7747D1B28}.Debug|Any CPU.Build.0 = Debug|Any CPU
		{C4ECB7B3-9445-4128-9E66-73C7747D1B28}.Release|Any CPU.ActiveCfg = Release|Any CPU
		{C4ECB7B3-9445-4128-9E66-73C7747D1B28}.Release|Any CPU.Build.0 = Release|Any CPU
	EndGlobalSection
	GlobalSection(SolutionProperties) = preSolution
		HideSolutionNode = FALSE
	EndGlobalSection
	GlobalSection(ExtensibilityGlobals) = postSolution
		SolutionGuid = {B3185D78-8D5E-496B-BCDE-F606561844DB}
	EndGlobalSection
EndGlobal
